
Microsoft Visual Studio Solution File, Format Version 12.00
Project("{FAE04EC0-301F-11D3-BF4B-00C04F79EFBC}") = "AppHost", "src\AppHost\AppHost.csproj", "{C3D9AF6B-9B50-4538-803B-4E09C28BC9B6}"
EndProject
Project("{9A19103F-16F7-4668-BE54-9A1E7A4F7556}") = "build", "build\build.csproj", "{EBE948D1-9362-4096-9319-5221E171C584}"
EndProject
Project("{FAE04EC0-301F-11D3-BF4B-00C04F79EFBC}") = "UserProfilesService", "src\UserProfilesService\UserProfilesService.csproj", "{86F6E0E3-C2C3-40CF-8E62-3AAAF69CC4F0}"
EndProject
Project("{FAE04EC0-301F-11D3-BF4B-00C04F79EFBC}") = "AppHost.ServiceDefaults", "src\AppHost.ServiceDefaults\AppHost.ServiceDefaults.csproj", "{BFF19AF6-35CB-4DCA-9F61-5ED67716B356}"
EndProject
Project("{FAE04EC0-301F-11D3-BF4B-00C04F79EFBC}") = "UserProfilesService.Persistence", "src\UserProfilesService.Persistence\UserProfilesService.Persistence.csproj", "{0F09BBB2-08FA-420D-8E3B-31D0F731D25D}"
EndProject
Project("{FAE04EC0-301F-11D3-BF4B-00C04F79EFBC}") = "UserProfilesService.Contracts", "src\UserProfilesService.Contracts\UserProfilesService.Contracts.csproj", "{7E934C1C-03DF-48E5-A2C0-2A4506899125}"
EndProject
Project("{FAE04EC0-301F-11D3-BF4B-00C04F79EFBC}") = "ContentService", "src\ContentService\ContentService.csproj", "{45AA40B1-BAC7-49F9-AD09-C6C574AB27A3}"
EndProject
Project("{FAE04EC0-301F-11D3-BF4B-00C04F79EFBC}") = "ContentService.Persistence", "src\ContentService.Persistence\ContentService.Persistence.csproj", "{27F136EC-E65A-4A6B-87AA-B54BD471A5F9}"
EndProject
Project("{FAE04EC0-301F-11D3-BF4B-00C04F79EFBC}") = "Common.DataAccess", "src\Common.DataAccess\Common.DataAccess.csproj", "{65B86435-7649-4D4F-AF80-30AFCE3955D5}"
EndProject
Project("{2150E333-8FDC-42A3-9474-1A3956D46DE8}") = "Testing", "Testing", "{C663E1C4-F648-CE9F-03D6-0394E02F82F7}"
EndProject
Project("{FAE04EC0-301F-11D3-BF4B-00C04F79EFBC}") = "Testing.Common", "src\Testing\Common\Testing.Common.csproj", "{AF7849A9-0521-44FB-B4B8-54F1B856538D}"
EndProject
Project("{FAE04EC0-301F-11D3-BF4B-00C04F79EFBC}") = "Testing.ContentService", "src\Testing\ContentService\Testing.ContentService.csproj", "{745DB5FF-86C8-48A6-8455-C8C6EAA077AA}"
EndProject
Project("{FAE04EC0-301F-11D3-BF4B-00C04F79EFBC}") = "ContentService.Contracts", "src\ContentService.Contracts\ContentService.Contracts.csproj", "{8D5A76FB-582C-4286-8256-FD0263815583}"
EndProject
Project("{FAE04EC0-301F-11D3-BF4B-00C04F79EFBC}") = "Common.Utilities", "src\Common.Utilities\Common.Utilities.csproj", "{161EAB95-D6C4-43EF-AF8E-B9423326718E}"
EndProject
Project("{FAE04EC0-301F-11D3-BF4B-00C04F79EFBC}") = "Testing.UserProfilesService", "src\Testing\UserProfilesService\Testing.UserProfilesService.csproj", "{12E556A5-AC4A-455D-94B1-F44D64676F7E}"
EndProject
Global
	GlobalSection(SolutionConfigurationPlatforms) = preSolution
		Debug|Any CPU = Debug|Any CPU
		Debug|x64 = Debug|x64
		Debug|x86 = Debug|x86
		Release|Any CPU = Release|Any CPU
		Release|x64 = Release|x64
		Release|x86 = Release|x86
	EndGlobalSection
	GlobalSection(ProjectConfigurationPlatforms) = postSolution
		{C3D9AF6B-9B50-4538-803B-4E09C28BC9B6}.Debug|Any CPU.ActiveCfg = Debug|Any CPU
		{C3D9AF6B-9B50-4538-803B-4E09C28BC9B6}.Debug|Any CPU.Build.0 = Debug|Any CPU
		{C3D9AF6B-9B50-4538-803B-4E09C28BC9B6}.Debug|x64.ActiveCfg = Debug|Any CPU
		{C3D9AF6B-9B50-4538-803B-4E09C28BC9B6}.Debug|x64.Build.0 = Debug|Any CPU
		{C3D9AF6B-9B50-4538-803B-4E09C28BC9B6}.Debug|x86.ActiveCfg = Debug|Any CPU
		{C3D9AF6B-9B50-4538-803B-4E09C28BC9B6}.Debug|x86.Build.0 = Debug|Any CPU
		{C3D9AF6B-9B50-4538-803B-4E09C28BC9B6}.Release|Any CPU.ActiveCfg = Release|Any CPU
		{C3D9AF6B-9B50-4538-803B-4E09C28BC9B6}.Release|Any CPU.Build.0 = Release|Any CPU
		{C3D9AF6B-9B50-4538-803B-4E09C28BC9B6}.Release|x64.ActiveCfg = Release|Any CPU
		{C3D9AF6B-9B50-4538-803B-4E09C28BC9B6}.Release|x64.Build.0 = Release|Any CPU
		{C3D9AF6B-9B50-4538-803B-4E09C28BC9B6}.Release|x86.ActiveCfg = Release|Any CPU
		{C3D9AF6B-9B50-4538-803B-4E09C28BC9B6}.Release|x86.Build.0 = Release|Any CPU
		{EBE948D1-9362-4096-9319-5221E171C584}.Debug|Any CPU.ActiveCfg = Debug|Any CPU
		{EBE948D1-9362-4096-9319-5221E171C584}.Release|Any CPU.ActiveCfg = Release|Any CPU
		{86F6E0E3-C2C3-40CF-8E62-3AAAF69CC4F0}.Debug|Any CPU.ActiveCfg = Debug|Any CPU
		{86F6E0E3-C2C3-40CF-8E62-3AAAF69CC4F0}.Debug|Any CPU.Build.0 = Debug|Any CPU
		{86F6E0E3-C2C3-40CF-8E62-3AAAF69CC4F0}.Debug|x64.ActiveCfg = Debug|Any CPU
		{86F6E0E3-C2C3-40CF-8E62-3AAAF69CC4F0}.Debug|x64.Build.0 = Debug|Any CPU
		{86F6E0E3-C2C3-40CF-8E62-3AAAF69CC4F0}.Debug|x86.ActiveCfg = Debug|Any CPU
		{86F6E0E3-C2C3-40CF-8E62-3AAAF69CC4F0}.Debug|x86.Build.0 = Debug|Any CPU
		{86F6E0E3-C2C3-40CF-8E62-3AAAF69CC4F0}.Release|Any CPU.ActiveCfg = Release|Any CPU
		{86F6E0E3-C2C3-40CF-8E62-3AAAF69CC4F0}.Release|Any CPU.Build.0 = Release|Any CPU
		{86F6E0E3-C2C3-40CF-8E62-3AAAF69CC4F0}.Release|x64.ActiveCfg = Release|Any CPU
		{86F6E0E3-C2C3-40CF-8E62-3AAAF69CC4F0}.Release|x64.Build.0 = Release|Any CPU
		{86F6E0E3-C2C3-40CF-8E62-3AAAF69CC4F0}.Release|x86.ActiveCfg = Release|Any CPU
		{86F6E0E3-C2C3-40CF-8E62-3AAAF69CC4F0}.Release|x86.Build.0 = Release|Any CPU
		{BFF19AF6-35CB-4DCA-9F61-5ED67716B356}.Debug|Any CPU.ActiveCfg = Debug|Any CPU
		{BFF19AF6-35CB-4DCA-9F61-5ED67716B356}.Debug|Any CPU.Build.0 = Debug|Any CPU
		{BFF19AF6-35CB-4DCA-9F61-5ED67716B356}.Debug|x64.ActiveCfg = Debug|Any CPU
		{BFF19AF6-35CB-4DCA-9F61-5ED67716B356}.Debug|x64.Build.0 = Debug|Any CPU
		{BFF19AF6-35CB-4DCA-9F61-5ED67716B356}.Debug|x86.ActiveCfg = Debug|Any CPU
		{BFF19AF6-35CB-4DCA-9F61-5ED67716B356}.Debug|x86.Build.0 = Debug|Any CPU
		{BFF19AF6-35CB-4DCA-9F61-5ED67716B356}.Release|Any CPU.ActiveCfg = Release|Any CPU
		{BFF19AF6-35CB-4DCA-9F61-5ED67716B356}.Release|Any CPU.Build.0 = Release|Any CPU
		{BFF19AF6-35CB-4DCA-9F61-5ED67716B356}.Release|x64.ActiveCfg = Release|Any CPU
		{BFF19AF6-35CB-4DCA-9F61-5ED67716B356}.Release|x64.Build.0 = Release|Any CPU
		{BFF19AF6-35CB-4DCA-9F61-5ED67716B356}.Release|x86.ActiveCfg = Release|Any CPU
		{BFF19AF6-35CB-4DCA-9F61-5ED67716B356}.Release|x86.Build.0 = Release|Any CPU
		{0F09BBB2-08FA-420D-8E3B-31D0F731D25D}.Debug|Any CPU.ActiveCfg = Debug|Any CPU
		{0F09BBB2-08FA-420D-8E3B-31D0F731D25D}.Debug|Any CPU.Build.0 = Debug|Any CPU
		{0F09BBB2-08FA-420D-8E3B-31D0F731D25D}.Debug|x64.ActiveCfg = Debug|Any CPU
		{0F09BBB2-08FA-420D-8E3B-31D0F731D25D}.Debug|x64.Build.0 = Debug|Any CPU
		{0F09BBB2-08FA-420D-8E3B-31D0F731D25D}.Debug|x86.ActiveCfg = Debug|Any CPU
		{0F09BBB2-08FA-420D-8E3B-31D0F731D25D}.Debug|x86.Build.0 = Debug|Any CPU
		{0F09BBB2-08FA-420D-8E3B-31D0F731D25D}.Release|Any CPU.ActiveCfg = Release|Any CPU
		{0F09BBB2-08FA-420D-8E3B-31D0F731D25D}.Release|Any CPU.Build.0 = Release|Any CPU
		{0F09BBB2-08FA-420D-8E3B-31D0F731D25D}.Release|x64.ActiveCfg = Release|Any CPU
		{0F09BBB2-08FA-420D-8E3B-31D0F731D25D}.Release|x64.Build.0 = Release|Any CPU
		{0F09BBB2-08FA-420D-8E3B-31D0F731D25D}.Release|x86.ActiveCfg = Release|Any CPU
		{0F09BBB2-08FA-420D-8E3B-31D0F731D25D}.Release|x86.Build.0 = Release|Any CPU
		{7E934C1C-03DF-48E5-A2C0-2A4506899125}.Debug|Any CPU.ActiveCfg = Debug|Any CPU
		{7E934C1C-03DF-48E5-A2C0-2A4506899125}.Debug|Any CPU.Build.0 = Debug|Any CPU
		{7E934C1C-03DF-48E5-A2C0-2A4506899125}.Debug|x64.ActiveCfg = Debug|Any CPU
		{7E934C1C-03DF-48E5-A2C0-2A4506899125}.Debug|x64.Build.0 = Debug|Any CPU
		{7E934C1C-03DF-48E5-A2C0-2A4506899125}.Debug|x86.ActiveCfg = Debug|Any CPU
		{7E934C1C-03DF-48E5-A2C0-2A4506899125}.Debug|x86.Build.0 = Debug|Any CPU
		{7E934C1C-03DF-48E5-A2C0-2A4506899125}.Release|Any CPU.ActiveCfg = Release|Any CPU
		{7E934C1C-03DF-48E5-A2C0-2A4506899125}.Release|Any CPU.Build.0 = Release|Any CPU
		{7E934C1C-03DF-48E5-A2C0-2A4506899125}.Release|x64.ActiveCfg = Release|Any CPU
		{7E934C1C-03DF-48E5-A2C0-2A4506899125}.Release|x64.Build.0 = Release|Any CPU
		{7E934C1C-03DF-48E5-A2C0-2A4506899125}.Release|x86.ActiveCfg = Release|Any CPU
		{7E934C1C-03DF-48E5-A2C0-2A4506899125}.Release|x86.Build.0 = Release|Any CPU
		{45AA40B1-BAC7-49F9-AD09-C6C574AB27A3}.Debug|Any CPU.ActiveCfg = Debug|Any CPU
		{45AA40B1-BAC7-49F9-AD09-C6C574AB27A3}.Debug|Any CPU.Build.0 = Debug|Any CPU
		{45AA40B1-BAC7-49F9-AD09-C6C574AB27A3}.Debug|x64.ActiveCfg = Debug|Any CPU
		{45AA40B1-BAC7-49F9-AD09-C6C574AB27A3}.Debug|x64.Build.0 = Debug|Any CPU
		{45AA40B1-BAC7-49F9-AD09-C6C574AB27A3}.Debug|x86.ActiveCfg = Debug|Any CPU
		{45AA40B1-BAC7-49F9-AD09-C6C574AB27A3}.Debug|x86.Build.0 = Debug|Any CPU
		{45AA40B1-BAC7-49F9-AD09-C6C574AB27A3}.Release|Any CPU.ActiveCfg = Release|Any CPU
		{45AA40B1-BAC7-49F9-AD09-C6C574AB27A3}.Release|Any CPU.Build.0 = Release|Any CPU
		{45AA40B1-BAC7-49F9-AD09-C6C574AB27A3}.Release|x64.ActiveCfg = Release|Any CPU
		{45AA40B1-BAC7-49F9-AD09-C6C574AB27A3}.Release|x64.Build.0 = Release|Any CPU
		{45AA40B1-BAC7-49F9-AD09-C6C574AB27A3}.Release|x86.ActiveCfg = Release|Any CPU
		{45AA40B1-BAC7-49F9-AD09-C6C574AB27A3}.Release|x86.Build.0 = Release|Any CPU
		{27F136EC-E65A-4A6B-87AA-B54BD471A5F9}.Debug|Any CPU.ActiveCfg = Debug|Any CPU
		{27F136EC-E65A-4A6B-87AA-B54BD471A5F9}.Debug|Any CPU.Build.0 = Debug|Any CPU
		{27F136EC-E65A-4A6B-87AA-B54BD471A5F9}.Debug|x64.ActiveCfg = Debug|Any CPU
		{27F136EC-E65A-4A6B-87AA-B54BD471A5F9}.Debug|x64.Build.0 = Debug|Any CPU
		{27F136EC-E65A-4A6B-87AA-B54BD471A5F9}.Debug|x86.ActiveCfg = Debug|Any CPU
		{27F136EC-E65A-4A6B-87AA-B54BD471A5F9}.Debug|x86.Build.0 = Debug|Any CPU
		{27F136EC-E65A-4A6B-87AA-B54BD471A5F9}.Release|Any CPU.ActiveCfg = Release|Any CPU
		{27F136EC-E65A-4A6B-87AA-B54BD471A5F9}.Release|Any CPU.Build.0 = Release|Any CPU
		{27F136EC-E65A-4A6B-87AA-B54BD471A5F9}.Release|x64.ActiveCfg = Release|Any CPU
		{27F136EC-E65A-4A6B-87AA-B54BD471A5F9}.Release|x64.Build.0 = Release|Any CPU
		{27F136EC-E65A-4A6B-87AA-B54BD471A5F9}.Release|x86.ActiveCfg = Release|Any CPU
		{27F136EC-E65A-4A6B-87AA-B54BD471A5F9}.Release|x86.Build.0 = Release|Any CPU
		{65B86435-7649-4D4F-AF80-30AFCE3955D5}.Debug|Any CPU.ActiveCfg = Debug|Any CPU
		{65B86435-7649-4D4F-AF80-30AFCE3955D5}.Debug|Any CPU.Build.0 = Debug|Any CPU
		{65B86435-7649-4D4F-AF80-30AFCE3955D5}.Debug|x64.ActiveCfg = Debug|Any CPU
		{65B86435-7649-4D4F-AF80-30AFCE3955D5}.Debug|x64.Build.0 = Debug|Any CPU
		{65B86435-7649-4D4F-AF80-30AFCE3955D5}.Debug|x86.ActiveCfg = Debug|Any CPU
		{65B86435-7649-4D4F-AF80-30AFCE3955D5}.Debug|x86.Build.0 = Debug|Any CPU
		{65B86435-7649-4D4F-AF80-30AFCE3955D5}.Release|Any CPU.ActiveCfg = Release|Any CPU
		{65B86435-7649-4D4F-AF80-30AFCE3955D5}.Release|Any CPU.Build.0 = Release|Any CPU
		{65B86435-7649-4D4F-AF80-30AFCE3955D5}.Release|x64.ActiveCfg = Release|Any CPU
		{65B86435-7649-4D4F-AF80-30AFCE3955D5}.Release|x64.Build.0 = Release|Any CPU
		{65B86435-7649-4D4F-AF80-30AFCE3955D5}.Release|x86.ActiveCfg = Release|Any CPU
		{65B86435-7649-4D4F-AF80-30AFCE3955D5}.Release|x86.Build.0 = Release|Any CPU
		{AF7849A9-0521-44FB-B4B8-54F1B856538D}.Debug|Any CPU.ActiveCfg = Debug|Any CPU
		{AF7849A9-0521-44FB-B4B8-54F1B856538D}.Debug|Any CPU.Build.0 = Debug|Any CPU
		{AF7849A9-0521-44FB-B4B8-54F1B856538D}.Debug|x64.ActiveCfg = Debug|Any CPU
		{AF7849A9-0521-44FB-B4B8-54F1B856538D}.Debug|x64.Build.0 = Debug|Any CPU
		{AF7849A9-0521-44FB-B4B8-54F1B856538D}.Debug|x86.ActiveCfg = Debug|Any CPU
		{AF7849A9-0521-44FB-B4B8-54F1B856538D}.Debug|x86.Build.0 = Debug|Any CPU
		{AF7849A9-0521-44FB-B4B8-54F1B856538D}.Release|Any CPU.ActiveCfg = Release|Any CPU
		{AF7849A9-0521-44FB-B4B8-54F1B856538D}.Release|Any CPU.Build.0 = Release|Any CPU
		{AF7849A9-0521-44FB-B4B8-54F1B856538D}.Release|x64.ActiveCfg = Release|Any CPU
		{AF7849A9-0521-44FB-B4B8-54F1B856538D}.Release|x64.Build.0 = Release|Any CPU
		{AF7849A9-0521-44FB-B4B8-54F1B856538D}.Release|x86.ActiveCfg = Release|Any CPU
		{AF7849A9-0521-44FB-B4B8-54F1B856538D}.Release|x86.Build.0 = Release|Any CPU
		{745DB5FF-86C8-48A6-8455-C8C6EAA077AA}.Debug|Any CPU.ActiveCfg = Debug|Any CPU
		{745DB5FF-86C8-48A6-8455-C8C6EAA077AA}.Debug|Any CPU.Build.0 = Debug|Any CPU
		{745DB5FF-86C8-48A6-8455-C8C6EAA077AA}.Debug|x64.ActiveCfg = Debug|Any CPU
		{745DB5FF-86C8-48A6-8455-C8C6EAA077AA}.Debug|x64.Build.0 = Debug|Any CPU
		{745DB5FF-86C8-48A6-8455-C8C6EAA077AA}.Debug|x86.ActiveCfg = Debug|Any CPU
		{745DB5FF-86C8-48A6-8455-C8C6EAA077AA}.Debug|x86.Build.0 = Debug|Any CPU
		{745DB5FF-86C8-48A6-8455-C8C6EAA077AA}.Release|Any CPU.ActiveCfg = Release|Any CPU
		{745DB5FF-86C8-48A6-8455-C8C6EAA077AA}.Release|Any CPU.Build.0 = Release|Any CPU
		{745DB5FF-86C8-48A6-8455-C8C6EAA077AA}.Release|x64.ActiveCfg = Release|Any CPU
		{745DB5FF-86C8-48A6-8455-C8C6EAA077AA}.Release|x64.Build.0 = Release|Any CPU
		{745DB5FF-86C8-48A6-8455-C8C6EAA077AA}.Release|x86.ActiveCfg = Release|Any CPU
		{745DB5FF-86C8-48A6-8455-C8C6EAA077AA}.Release|x86.Build.0 = Release|Any CPU
		{8D5A76FB-582C-4286-8256-FD0263815583}.Debug|Any CPU.ActiveCfg = Debug|Any CPU
		{8D5A76FB-582C-4286-8256-FD0263815583}.Debug|Any CPU.Build.0 = Debug|Any CPU
		{8D5A76FB-582C-4286-8256-FD0263815583}.Debug|x64.ActiveCfg = Debug|Any CPU
		{8D5A76FB-582C-4286-8256-FD0263815583}.Debug|x64.Build.0 = Debug|Any CPU
		{8D5A76FB-582C-4286-8256-FD0263815583}.Debug|x86.ActiveCfg = Debug|Any CPU
		{8D5A76FB-582C-4286-8256-FD0263815583}.Debug|x86.Build.0 = Debug|Any CPU
		{8D5A76FB-582C-4286-8256-FD0263815583}.Release|Any CPU.ActiveCfg = Release|Any CPU
		{8D5A76FB-582C-4286-8256-FD0263815583}.Release|Any CPU.Build.0 = Release|Any CPU
		{8D5A76FB-582C-4286-8256-FD0263815583}.Release|x64.ActiveCfg = Release|Any CPU
		{8D5A76FB-582C-4286-8256-FD0263815583}.Release|x64.Build.0 = Release|Any CPU
		{8D5A76FB-582C-4286-8256-FD0263815583}.Release|x86.ActiveCfg = Release|Any CPU
		{8D5A76FB-582C-4286-8256-FD0263815583}.Release|x86.Build.0 = Release|Any CPU
		{161EAB95-D6C4-43EF-AF8E-B9423326718E}.Debug|Any CPU.ActiveCfg = Debug|Any CPU
		{161EAB95-D6C4-43EF-AF8E-B9423326718E}.Debug|Any CPU.Build.0 = Debug|Any CPU
		{161EAB95-D6C4-43EF-AF8E-B9423326718E}.Debug|x64.ActiveCfg = Debug|Any CPU
		{161EAB95-D6C4-43EF-AF8E-B9423326718E}.Debug|x64.Build.0 = Debug|Any CPU
		{161EAB95-D6C4-43EF-AF8E-B9423326718E}.Debug|x86.ActiveCfg = Debug|Any CPU
		{161EAB95-D6C4-43EF-AF8E-B9423326718E}.Debug|x86.Build.0 = Debug|Any CPU
		{161EAB95-D6C4-43EF-AF8E-B9423326718E}.Release|Any CPU.ActiveCfg = Release|Any CPU
		{161EAB95-D6C4-43EF-AF8E-B9423326718E}.Release|Any CPU.Build.0 = Release|Any CPU
		{161EAB95-D6C4-43EF-AF8E-B9423326718E}.Release|x64.ActiveCfg = Release|Any CPU
		{161EAB95-D6C4-43EF-AF8E-B9423326718E}.Release|x64.Build.0 = Release|Any CPU
		{161EAB95-D6C4-43EF-AF8E-B9423326718E}.Release|x86.ActiveCfg = Release|Any CPU
		{161EAB95-D6C4-43EF-AF8E-B9423326718E}.Release|x86.Build.0 = Release|Any CPU
		{12E556A5-AC4A-455D-94B1-F44D64676F7E}.Debug|Any CPU.ActiveCfg = Debug|Any CPU
		{12E556A5-AC4A-455D-94B1-F44D64676F7E}.Debug|Any CPU.Build.0 = Debug|Any CPU
		{12E556A5-AC4A-455D-94B1-F44D64676F7E}.Debug|x64.ActiveCfg = Debug|Any CPU
		{12E556A5-AC4A-455D-94B1-F44D64676F7E}.Debug|x64.Build.0 = Debug|Any CPU
		{12E556A5-AC4A-455D-94B1-F44D64676F7E}.Debug|x86.ActiveCfg = Debug|Any CPU
		{12E556A5-AC4A-455D-94B1-F44D64676F7E}.Debug|x86.Build.0 = Debug|Any CPU
		{12E556A5-AC4A-455D-94B1-F44D64676F7E}.Release|Any CPU.ActiveCfg = Release|Any CPU
		{12E556A5-AC4A-455D-94B1-F44D64676F7E}.Release|Any CPU.Build.0 = Release|Any CPU
		{12E556A5-AC4A-455D-94B1-F44D64676F7E}.Release|x64.ActiveCfg = Release|Any CPU
		{12E556A5-AC4A-455D-94B1-F44D64676F7E}.Release|x64.Build.0 = Release|Any CPU
		{12E556A5-AC4A-455D-94B1-F44D64676F7E}.Release|x86.ActiveCfg = Release|Any CPU
		{12E556A5-AC4A-455D-94B1-F44D64676F7E}.Release|x86.Build.0 = Release|Any CPU
	EndGlobalSection
	GlobalSection(SolutionProperties) = preSolution
		HideSolutionNode = FALSE
	EndGlobalSection
	GlobalSection(NestedProjects) = preSolution
		{AF7849A9-0521-44FB-B4B8-54F1B856538D} = {C663E1C4-F648-CE9F-03D6-0394E02F82F7}
		{745DB5FF-86C8-48A6-8455-C8C6EAA077AA} = {C663E1C4-F648-CE9F-03D6-0394E02F82F7}
		{12E556A5-AC4A-455D-94B1-F44D64676F7E} = {C663E1C4-F648-CE9F-03D6-0394E02F82F7}
	EndGlobalSection
EndGlobal
