
Microsoft Visual Studio Solution File, Format Version 12.00
Project("{2150E333-8FDC-42A3-9474-1A3956D46DE8}") = "src", "src", "{827E0CD3-B72D-47B6-A68D-7590B98EB39B}"
EndProject
Project("{FAE04EC0-301F-11D3-BF4B-00C04F79EFBC}") = "AppHost", "src\AppHost\AppHost.csproj", "{C3D9AF6B-9B50-4538-803B-4E09C28BC9B6}"
EndProject
Project("{9A19103F-16F7-4668-BE54-9A1E7A4F7556}") = "build", "build\build.csproj", "{EBE948D1-9362-4096-9319-5221E171C584}"
EndProject
Project("{FAE04EC0-301F-11D3-BF4B-00C04F79EFBC}") = "UserProfilesService", "src\UserProfilesService\UserProfilesService.csproj", "{86F6E0E3-C2C3-40CF-8E62-3AAAF69CC4F0}"
EndProject
Project("{FAE04EC0-301F-11D3-BF4B-00C04F79EFBC}") = "AppHost.ServiceDefaults", "src\AppHost.ServiceDefaults\AppHost.ServiceDefaults.csproj", "{BFF19AF6-35CB-4DCA-9F61-5ED67716B356}"
EndProject
Project("{FAE04EC0-301F-11D3-BF4B-00C04F79EFBC}") = "UserProfilesService.Testing", "src\UserProfilesService.Testing\UserProfilesService.Testing.csproj", "{93C24186-DEE6-4FB2-9C9D-4D241BA66498}"
EndProject
Project("{FAE04EC0-301F-11D3-BF4B-00C04F79EFBC}") = "UserProfilesService.Persistence", "src\UserProfilesService.Persistence\UserProfilesService.Persistence.csproj", "{0F09BBB2-08FA-420D-8E3B-31D0F731D25D}"
EndProject
Project("{FAE04EC0-301F-11D3-BF4B-00C04F79EFBC}") = "UserProfilesService.Contracts", "src\UserProfilesService.Contracts\UserProfilesService.Contracts.csproj", "{7E934C1C-03DF-48E5-A2C0-2A4506899125}"
EndProject
Global
	GlobalSection(SolutionConfigurationPlatforms) = preSolution
		Debug|Any CPU = Debug|Any CPU
		Debug|x64 = Debug|x64
		Debug|x86 = Debug|x86
		Release|Any CPU = Release|Any CPU
		Release|x64 = Release|x64
		Release|x86 = Release|x86
	EndGlobalSection
	GlobalSection(ProjectConfigurationPlatforms) = postSolution
		{C3D9AF6B-9B50-4538-803B-4E09C28BC9B6}.Debug|Any CPU.ActiveCfg = Debug|Any CPU
		{C3D9AF6B-9B50-4538-803B-4E09C28BC9B6}.Debug|Any CPU.Build.0 = Debug|Any CPU
		{C3D9AF6B-9B50-4538-803B-4E09C28BC9B6}.Debug|x64.ActiveCfg = Debug|Any CPU
		{C3D9AF6B-9B50-4538-803B-4E09C28BC9B6}.Debug|x64.Build.0 = Debug|Any CPU
		{C3D9AF6B-9B50-4538-803B-4E09C28BC9B6}.Debug|x86.ActiveCfg = Debug|Any CPU
		{C3D9AF6B-9B50-4538-803B-4E09C28BC9B6}.Debug|x86.Build.0 = Debug|Any CPU
		{C3D9AF6B-9B50-4538-803B-4E09C28BC9B6}.Release|Any CPU.ActiveCfg = Release|Any CPU
		{C3D9AF6B-9B50-4538-803B-4E09C28BC9B6}.Release|Any CPU.Build.0 = Release|Any CPU
		{C3D9AF6B-9B50-4538-803B-4E09C28BC9B6}.Release|x64.ActiveCfg = Release|Any CPU
		{C3D9AF6B-9B50-4538-803B-4E09C28BC9B6}.Release|x64.Build.0 = Release|Any CPU
		{C3D9AF6B-9B50-4538-803B-4E09C28BC9B6}.Release|x86.ActiveCfg = Release|Any CPU
		{C3D9AF6B-9B50-4538-803B-4E09C28BC9B6}.Release|x86.Build.0 = Release|Any CPU
		{EBE948D1-9362-4096-9319-5221E171C584}.Debug|Any CPU.ActiveCfg = Debug|Any CPU
		{EBE948D1-9362-4096-9319-5221E171C584}.Release|Any CPU.ActiveCfg = Release|Any CPU
		{86F6E0E3-C2C3-40CF-8E62-3AAAF69CC4F0}.Debug|Any CPU.ActiveCfg = Debug|Any CPU
		{86F6E0E3-C2C3-40CF-8E62-3AAAF69CC4F0}.Debug|Any CPU.Build.0 = Debug|Any CPU
		{86F6E0E3-C2C3-40CF-8E62-3AAAF69CC4F0}.Debug|x64.ActiveCfg = Debug|Any CPU
		{86F6E0E3-C2C3-40CF-8E62-3AAAF69CC4F0}.Debug|x64.Build.0 = Debug|Any CPU
		{86F6E0E3-C2C3-40CF-8E62-3AAAF69CC4F0}.Debug|x86.ActiveCfg = Debug|Any CPU
		{86F6E0E3-C2C3-40CF-8E62-3AAAF69CC4F0}.Debug|x86.Build.0 = Debug|Any CPU
		{86F6E0E3-C2C3-40CF-8E62-3AAAF69CC4F0}.Release|Any CPU.ActiveCfg = Release|Any CPU
		{86F6E0E3-C2C3-40CF-8E62-3AAAF69CC4F0}.Release|Any CPU.Build.0 = Release|Any CPU
		{86F6E0E3-C2C3-40CF-8E62-3AAAF69CC4F0}.Release|x64.ActiveCfg = Release|Any CPU
		{86F6E0E3-C2C3-40CF-8E62-3AAAF69CC4F0}.Release|x64.Build.0 = Release|Any CPU
		{86F6E0E3-C2C3-40CF-8E62-3AAAF69CC4F0}.Release|x86.ActiveCfg = Release|Any CPU
		{86F6E0E3-C2C3-40CF-8E62-3AAAF69CC4F0}.Release|x86.Build.0 = Release|Any CPU
		{BFF19AF6-35CB-4DCA-9F61-5ED67716B356}.Debug|Any CPU.ActiveCfg = Debug|Any CPU
		{BFF19AF6-35CB-4DCA-9F61-5ED67716B356}.Debug|Any CPU.Build.0 = Debug|Any CPU
		{BFF19AF6-35CB-4DCA-9F61-5ED67716B356}.Debug|x64.ActiveCfg = Debug|Any CPU
		{BFF19AF6-35CB-4DCA-9F61-5ED67716B356}.Debug|x64.Build.0 = Debug|Any CPU
		{BFF19AF6-35CB-4DCA-9F61-5ED67716B356}.Debug|x86.ActiveCfg = Debug|Any CPU
		{BFF19AF6-35CB-4DCA-9F61-5ED67716B356}.Debug|x86.Build.0 = Debug|Any CPU
		{BFF19AF6-35CB-4DCA-9F61-5ED67716B356}.Release|Any CPU.ActiveCfg = Release|Any CPU
		{BFF19AF6-35CB-4DCA-9F61-5ED67716B356}.Release|Any CPU.Build.0 = Release|Any CPU
		{BFF19AF6-35CB-4DCA-9F61-5ED67716B356}.Release|x64.ActiveCfg = Release|Any CPU
		{BFF19AF6-35CB-4DCA-9F61-5ED67716B356}.Release|x64.Build.0 = Release|Any CPU
		{BFF19AF6-35CB-4DCA-9F61-5ED67716B356}.Release|x86.ActiveCfg = Release|Any CPU
		{BFF19AF6-35CB-4DCA-9F61-5ED67716B356}.Release|x86.Build.0 = Release|Any CPU
		{93C24186-DEE6-4FB2-9C9D-4D241BA66498}.Debug|Any CPU.ActiveCfg = Debug|Any CPU
		{93C24186-DEE6-4FB2-9C9D-4D241BA66498}.Debug|Any CPU.Build.0 = Debug|Any CPU
		{93C24186-DEE6-4FB2-9C9D-4D241BA66498}.Debug|x64.ActiveCfg = Debug|Any CPU
		{93C24186-DEE6-4FB2-9C9D-4D241BA66498}.Debug|x64.Build.0 = Debug|Any CPU
		{93C24186-DEE6-4FB2-9C9D-4D241BA66498}.Debug|x86.ActiveCfg = Debug|Any CPU
		{93C24186-DEE6-4FB2-9C9D-4D241BA66498}.Debug|x86.Build.0 = Debug|Any CPU
		{93C24186-DEE6-4FB2-9C9D-4D241BA66498}.Release|Any CPU.ActiveCfg = Release|Any CPU
		{93C24186-DEE6-4FB2-9C9D-4D241BA66498}.Release|Any CPU.Build.0 = Release|Any CPU
		{93C24186-DEE6-4FB2-9C9D-4D241BA66498}.Release|x64.ActiveCfg = Release|Any CPU
		{93C24186-DEE6-4FB2-9C9D-4D241BA66498}.Release|x64.Build.0 = Release|Any CPU
		{93C24186-DEE6-4FB2-9C9D-4D241BA66498}.Release|x86.ActiveCfg = Release|Any CPU
		{93C24186-DEE6-4FB2-9C9D-4D241BA66498}.Release|x86.Build.0 = Release|Any CPU
		{0F09BBB2-08FA-420D-8E3B-31D0F731D25D}.Debug|Any CPU.ActiveCfg = Debug|Any CPU
		{0F09BBB2-08FA-420D-8E3B-31D0F731D25D}.Debug|Any CPU.Build.0 = Debug|Any CPU
		{0F09BBB2-08FA-420D-8E3B-31D0F731D25D}.Debug|x64.ActiveCfg = Debug|Any CPU
		{0F09BBB2-08FA-420D-8E3B-31D0F731D25D}.Debug|x64.Build.0 = Debug|Any CPU
		{0F09BBB2-08FA-420D-8E3B-31D0F731D25D}.Debug|x86.ActiveCfg = Debug|Any CPU
		{0F09BBB2-08FA-420D-8E3B-31D0F731D25D}.Debug|x86.Build.0 = Debug|Any CPU
		{0F09BBB2-08FA-420D-8E3B-31D0F731D25D}.Release|Any CPU.ActiveCfg = Release|Any CPU
		{0F09BBB2-08FA-420D-8E3B-31D0F731D25D}.Release|Any CPU.Build.0 = Release|Any CPU
		{0F09BBB2-08FA-420D-8E3B-31D0F731D25D}.Release|x64.ActiveCfg = Release|Any CPU
		{0F09BBB2-08FA-420D-8E3B-31D0F731D25D}.Release|x64.Build.0 = Release|Any CPU
		{0F09BBB2-08FA-420D-8E3B-31D0F731D25D}.Release|x86.ActiveCfg = Release|Any CPU
		{0F09BBB2-08FA-420D-8E3B-31D0F731D25D}.Release|x86.Build.0 = Release|Any CPU
		{7E934C1C-03DF-48E5-A2C0-2A4506899125}.Debug|Any CPU.ActiveCfg = Debug|Any CPU
		{7E934C1C-03DF-48E5-A2C0-2A4506899125}.Debug|Any CPU.Build.0 = Debug|Any CPU
		{7E934C1C-03DF-48E5-A2C0-2A4506899125}.Debug|x64.ActiveCfg = Debug|Any CPU
		{7E934C1C-03DF-48E5-A2C0-2A4506899125}.Debug|x64.Build.0 = Debug|Any CPU
		{7E934C1C-03DF-48E5-A2C0-2A4506899125}.Debug|x86.ActiveCfg = Debug|Any CPU
		{7E934C1C-03DF-48E5-A2C0-2A4506899125}.Debug|x86.Build.0 = Debug|Any CPU
		{7E934C1C-03DF-48E5-A2C0-2A4506899125}.Release|Any CPU.ActiveCfg = Release|Any CPU
		{7E934C1C-03DF-48E5-A2C0-2A4506899125}.Release|Any CPU.Build.0 = Release|Any CPU
		{7E934C1C-03DF-48E5-A2C0-2A4506899125}.Release|x64.ActiveCfg = Release|Any CPU
		{7E934C1C-03DF-48E5-A2C0-2A4506899125}.Release|x64.Build.0 = Release|Any CPU
		{7E934C1C-03DF-48E5-A2C0-2A4506899125}.Release|x86.ActiveCfg = Release|Any CPU
		{7E934C1C-03DF-48E5-A2C0-2A4506899125}.Release|x86.Build.0 = Release|Any CPU
	EndGlobalSection
	GlobalSection(SolutionProperties) = preSolution
		HideSolutionNode = FALSE
	EndGlobalSection
	GlobalSection(NestedProjects) = preSolution
		{C3D9AF6B-9B50-4538-803B-4E09C28BC9B6} = {827E0CD3-B72D-47B6-A68D-7590B98EB39B}
		{86F6E0E3-C2C3-40CF-8E62-3AAAF69CC4F0} = {827E0CD3-B72D-47B6-A68D-7590B98EB39B}
		{BFF19AF6-35CB-4DCA-9F61-5ED67716B356} = {827E0CD3-B72D-47B6-A68D-7590B98EB39B}
		{93C24186-DEE6-4FB2-9C9D-4D241BA66498} = {827E0CD3-B72D-47B6-A68D-7590B98EB39B}
		{0F09BBB2-08FA-420D-8E3B-31D0F731D25D} = {827E0CD3-B72D-47B6-A68D-7590B98EB39B}
		{7E934C1C-03DF-48E5-A2C0-2A4506899125} = {827E0CD3-B72D-47B6-A68D-7590B98EB39B}
	EndGlobalSection
EndGlobal
